// !$*UTF8*$!
{
	archiveVersion = 1;
	classes = {
	};
	objectVersion = 77;
	objects = {

/* Begin PBXBuildFile section */
		E7C25D072EAE4AF50097D540 /* AlarmKit.framework in Frameworks */ = {isa = PBXBuildFile; fileRef = E7C25D062EAE4AF50097D540 /* AlarmKit.framework */; };
		E7E6C8E62E874A2C00F28EC2 /* WidgetKit.framework in Frameworks */ = {isa = PBXBuildFile; fileRef = E7E6C8E52E874A2B00F28EC2 /* WidgetKit.framework */; };
		E7E6C8E82E874A2C00F28EC2 /* SwiftUI.framework in Frameworks */ = {isa = PBXBuildFile; fileRef = E7E6C8E72E874A2C00F28EC2 /* SwiftUI.framework */; };
		E7E6C8F92E874A2E00F28EC2 /* EscalatingAlarmWidgetExtensionExtension.appex in Embed Foundation Extensions */ = {isa = PBXBuildFile; fileRef = E7E6C8E32E874A2B00F28EC2 /* EscalatingAlarmWidgetExtensionExtension.appex */; settings = {ATTRIBUTES = (RemoveHeadersOnCopy, ); }; };
/* End PBXBuildFile section */

/* Begin PBXContainerItemProxy section */
		E7A42BA62E4E31880094AB08 /* PBXContainerItemProxy */ = {
			isa = PBXContainerItemProxy;
			containerPortal = E7A42B902E4E31860094AB08 /* Project object */;
			proxyType = 1;
			remoteGlobalIDString = E7A42B972E4E31860094AB08;
			remoteInfo = Talking_Alarm;
		};
		E7A42BB02E4E31880094AB08 /* PBXContainerItemProxy */ = {
			isa = PBXContainerItemProxy;
			containerPortal = E7A42B902E4E31860094AB08 /* Project object */;
			proxyType = 1;
			remoteGlobalIDString = E7A42B972E4E31860094AB08;
			remoteInfo = Talking_Alarm;
		};
		E7E6C8F72E874A2E00F28EC2 /* PBXContainerItemProxy */ = {
			isa = PBXContainerItemProxy;
			containerPortal = E7A42B902E4E31860094AB08 /* Project object */;
			proxyType = 1;
			remoteGlobalIDString = E7E6C8E22E874A2B00F28EC2;
			remoteInfo = EscalatingAlarmWidgetExtensionExtension;
		};
/* End PBXContainerItemProxy section */

/* Begin PBXCopyFilesBuildPhase section */
		E7E6C8FE2E874A2E00F28EC2 /* Embed Foundation Extensions */ = {
			isa = PBXCopyFilesBuildPhase;
			buildActionMask = 2147483647;
			dstPath = "";
			dstSubfolderSpec = 13;
			files = (
				E7E6C8F92E874A2E00F28EC2 /* EscalatingAlarmWidgetExtensionExtension.appex in Embed Foundation Extensions */,
			);
			name = "Embed Foundation Extensions";
			runOnlyForDeploymentPostprocessing = 0;
		};
/* End PBXCopyFilesBuildPhase section */

/* Begin PBXFileReference section */
		E7A42B982E4E31860094AB08 /* Talking_Alarm.app */ = {isa = PBXFileReference; explicitFileType = wrapper.application; includeInIndex = 0; path = Talking_Alarm.app; sourceTree = BUILT_PRODUCTS_DIR; };
		E7A42BA52E4E31880094AB08 /* Talking_AlarmTests.xctest */ = {isa = PBXFileReference; explicitFileType = wrapper.cfbundle; includeInIndex = 0; path = Talking_AlarmTests.xctest; sourceTree = BUILT_PRODUCTS_DIR; };
		E7A42BAF2E4E31880094AB08 /* Talking_AlarmUITests.xctest */ = {isa = PBXFileReference; explicitFileType = wrapper.cfbundle; includeInIndex = 0; path = Talking_AlarmUITests.xctest; sourceTree = BUILT_PRODUCTS_DIR; };
		E7C25D062EAE4AF50097D540 /* AlarmKit.framework */ = {isa = PBXFileReference; lastKnownFileType = wrapper.framework; name = AlarmKit.framework; path = System/Library/Frameworks/AlarmKit.framework; sourceTree = SDKROOT; };
		E7E6C8E32E874A2B00F28EC2 /* EscalatingAlarmWidgetExtensionExtension.appex */ = {isa = PBXFileReference; explicitFileType = "wrapper.app-extension"; includeInIndex = 0; path = EscalatingAlarmWidgetExtensionExtension.appex; sourceTree = BUILT_PRODUCTS_DIR; };
		E7E6C8E52E874A2B00F28EC2 /* WidgetKit.framework */ = {isa = PBXFileReference; lastKnownFileType = wrapper.framework; name = WidgetKit.framework; path = System/Library/Frameworks/WidgetKit.framework; sourceTree = SDKROOT; };
		E7E6C8E72E874A2C00F28EC2 /* SwiftUI.framework */ = {isa = PBXFileReference; lastKnownFileType = wrapper.framework; name = SwiftUI.framework; path = System/Library/Frameworks/SwiftUI.framework; sourceTree = SDKROOT; };
/* End PBXFileReference section */

/* Begin PBXFileSystemSynchronizedBuildFileExceptionSet section */
		E7E6C8FA2E874A2E00F28EC2 /* Exceptions for "EscalatingAlarmWidgetExtension" folder in "EscalatingAlarmWidgetExtensionExtension" target */ = {
			isa = PBXFileSystemSynchronizedBuildFileExceptionSet;
			membershipExceptions = (
				Info.plist,
			);
			target = E7E6C8E22E874A2B00F28EC2 /* EscalatingAlarmWidgetExtensionExtension */;
		};
/* End PBXFileSystemSynchronizedBuildFileExceptionSet section */

/* Begin PBXFileSystemSynchronizedRootGroup section */
		E7A42B9A2E4E31860094AB08 /* Talking_Alarm */ = {
			isa = PBXFileSystemSynchronizedRootGroup;
			path = Talking_Alarm;
			sourceTree = "<group>";
		};
		E7A42BA82E4E31880094AB08 /* Talking_AlarmTests */ = {
			isa = PBXFileSystemSynchronizedRootGroup;
			path = Talking_AlarmTests;
			sourceTree = "<group>";
		};
		E7A42BB22E4E31880094AB08 /* Talking_AlarmUITests */ = {
			isa = PBXFileSystemSynchronizedRootGroup;
			path = Talking_AlarmUITests;
			sourceTree = "<group>";
		};
		E7E6C8E92E874A2C00F28EC2 /* EscalatingAlarmWidgetExtension */ = {
			isa = PBXFileSystemSynchronizedRootGroup;
			exceptions = (
				E7E6C8FA2E874A2E00F28EC2 /* Exceptions for "EscalatingAlarmWidgetExtension" folder in "EscalatingAlarmWidgetExtensionExtension" target */,
			);
			path = EscalatingAlarmWidgetExtension;
			sourceTree = "<group>";
		};
/* End PBXFileSystemSynchronizedRootGroup section */

/* Begin PBXFrameworksBuildPhase section */
		E7A42B952E4E31860094AB08 /* Frameworks */ = {
			isa = PBXFrameworksBuildPhase;
			buildActionMask = 2147483647;
			files = (
				E7C25D072EAE4AF50097D540 /* AlarmKit.framework in Frameworks */,
			);
			runOnlyForDeploymentPostprocessing = 0;
		};
		E7A42BA22E4E31880094AB08 /* Frameworks */ = {
			isa = PBXFrameworksBuildPhase;
			buildActionMask = 2147483647;
			files = (
			);
			runOnlyForDeploymentPostprocessing = 0;
		};
		E7A42BAC2E4E31880094AB08 /* Frameworks */ = {
			isa = PBXFrameworksBuildPhase;
			buildActionMask = 2147483647;
			files = (
			);
			runOnlyForDeploymentPostprocessing = 0;
		};
		E7E6C8E02E874A2B00F28EC2 /* Frameworks */ = {
			isa = PBXFrameworksBuildPhase;
			buildActionMask = 2147483647;
			files = (
				E7E6C8E82E874A2C00F28EC2 /* SwiftUI.framework in Frameworks */,
				E7E6C8E62E874A2C00F28EC2 /* WidgetKit.framework in Frameworks */,
			);
			runOnlyForDeploymentPostprocessing = 0;
		};
/* End PBXFrameworksBuildPhase section */

/* Begin PBXGroup section */
		E7A42B8F2E4E31860094AB08 = {
			isa = PBXGroup;
			children = (
				E7A42B9A2E4E31860094AB08 /* Talking_Alarm */,
				E7A42BA82E4E31880094AB08 /* Talking_AlarmTests */,
				E7A42BB22E4E31880094AB08 /* Talking_AlarmUITests */,
				E7E6C8E92E874A2C00F28EC2 /* EscalatingAlarmWidgetExtension */,
				E7E6C8E42E874A2B00F28EC2 /* Frameworks */,
				E7A42B992E4E31860094AB08 /* Products */,
			);
			sourceTree = "<group>";
		};
		E7A42B992E4E31860094AB08 /* Products */ = {
			isa = PBXGroup;
			children = (
				E7A42B982E4E31860094AB08 /* Talking_Alarm.app */,
				E7A42BA52E4E31880094AB08 /* Talking_AlarmTests.xctest */,
				E7A42BAF2E4E31880094AB08 /* Talking_AlarmUITests.xctest */,
				E7E6C8E32E874A2B00F28EC2 /* EscalatingAlarmWidgetExtensionExtension.appex */,
			);
			name = Products;
			sourceTree = "<group>";
		};
		E7E6C8E42E874A2B00F28EC2 /* Frameworks */ = {
			isa = PBXGroup;
			children = (
				E7C25D062EAE4AF50097D540 /* AlarmKit.framework */,
				E7E6C8E52E874A2B00F28EC2 /* WidgetKit.framework */,
				E7E6C8E72E874A2C00F28EC2 /* SwiftUI.framework */,
			);
			name = Frameworks;
			sourceTree = "<group>";
		};
/* End PBXGroup section */

/* Begin PBXNativeTarget section */
		E7A42B972E4E31860094AB08 /* Talking_Alarm */ = {
			isa = PBXNativeTarget;
			buildConfigurationList = E7A42BB92E4E31880094AB08 /* Build configuration list for PBXNativeTarget "Talking_Alarm" */;
			buildPhases = (
				E7A42B942E4E31860094AB08 /* Sources */,
				E7A42B952E4E31860094AB08 /* Frameworks */,
				E7A42B962E4E31860094AB08 /* Resources */,
				E7E6C8FE2E874A2E00F28EC2 /* Embed Foundation Extensions */,
			);
			buildRules = (
			);
			dependencies = (
				E7E6C8F82E874A2E00F28EC2 /* PBXTargetDependency */,
			);
			fileSystemSynchronizedGroups = (
				E7A42B9A2E4E31860094AB08 /* Talking_Alarm */,
			);
			name = Talking_Alarm;
			packageProductDependencies = (
			);
			productName = Talking_Alarm;
			productReference = E7A42B982E4E31860094AB08 /* Talking_Alarm.app */;
			productType = "com.apple.product-type.application";
		};
		E7A42BA42E4E31880094AB08 /* Talking_AlarmTests */ = {
			isa = PBXNativeTarget;
			buildConfigurationList = E7A42BBC2E4E31880094AB08 /* Build configuration list for PBXNativeTarget "Talking_AlarmTests" */;
			buildPhases = (
				E7A42BA12E4E31880094AB08 /* Sources */,
				E7A42BA22E4E31880094AB08 /* Frameworks */,
				E7A42BA32E4E31880094AB08 /* Resources */,
			);
			buildRules = (
			);
			dependencies = (
				E7A42BA72E4E31880094AB08 /* PBXTargetDependency */,
			);
			fileSystemSynchronizedGroups = (
				E7A42BA82E4E31880094AB08 /* Talking_AlarmTests */,
			);
			name = Talking_AlarmTests;
			packageProductDependencies = (
			);
			productName = Talking_AlarmTests;
			productReference = E7A42BA52E4E31880094AB08 /* Talking_AlarmTests.xctest */;
			productType = "com.apple.product-type.bundle.unit-test";
		};
		E7A42BAE2E4E31880094AB08 /* Talking_AlarmUITests */ = {
			isa = PBXNativeTarget;
			buildConfigurationList = E7A42BBF2E4E31880094AB08 /* Build configuration list for PBXNativeTarget "Talking_AlarmUITests" */;
			buildPhases = (
				E7A42BAB2E4E31880094AB08 /* Sources */,
				E7A42BAC2E4E31880094AB08 /* Frameworks */,
				E7A42BAD2E4E31880094AB08 /* Resources */,
			);
			buildRules = (
			);
			dependencies = (
				E7A42BB12E4E31880094AB08 /* PBXTargetDependency */,
			);
			fileSystemSynchronizedGroups = (
				E7A42BB22E4E31880094AB08 /* Talking_AlarmUITests */,
			);
			name = Talking_AlarmUITests;
			packageProductDependencies = (
			);
			productName = Talking_AlarmUITests;
			productReference = E7A42BAF2E4E31880094AB08 /* Talking_AlarmUITests.xctest */;
			productType = "com.apple.product-type.bundle.ui-testing";
		};
		E7E6C8E22E874A2B00F28EC2 /* EscalatingAlarmWidgetExtensionExtension */ = {
			isa = PBXNativeTarget;
			buildConfigurationList = E7E6C8FB2E874A2E00F28EC2 /* Build configuration list for PBXNativeTarget "EscalatingAlarmWidgetExtensionExtension" */;
			buildPhases = (
				E7E6C8DF2E874A2B00F28EC2 /* Sources */,
				E7E6C8E02E874A2B00F28EC2 /* Frameworks */,
				E7E6C8E12E874A2B00F28EC2 /* Resources */,
			);
			buildRules = (
			);
			dependencies = (
			);
			fileSystemSynchronizedGroups = (
				E7E6C8E92E874A2C00F28EC2 /* EscalatingAlarmWidgetExtension */,
			);
			name = EscalatingAlarmWidgetExtensionExtension;
			packageProductDependencies = (
			);
			productName = EscalatingAlarmWidgetExtensionExtension;
			productReference = E7E6C8E32E874A2B00F28EC2 /* EscalatingAlarmWidgetExtensionExtension.appex */;
			productType = "com.apple.product-type.app-extension";
		};
/* End PBXNativeTarget section */

/* Begin PBXProject section */
		E7A42B902E4E31860094AB08 /* Project object */ = {
			isa = PBXProject;
			attributes = {
				BuildIndependentTargetsInParallel = 1;
				LastSwiftUpdateCheck = 2600;
				LastUpgradeCheck = 2620;
				TargetAttributes = {
					E7A42B972E4E31860094AB08 = {
						CreatedOnToolsVersion = 16.4;
					};
					E7A42BA42E4E31880094AB08 = {
						CreatedOnToolsVersion = 16.4;
						TestTargetID = E7A42B972E4E31860094AB08;
					};
					E7A42BAE2E4E31880094AB08 = {
						CreatedOnToolsVersion = 16.4;
						TestTargetID = E7A42B972E4E31860094AB08;
					};
					E7E6C8E22E874A2B00F28EC2 = {
						CreatedOnToolsVersion = 26.0.1;
					};
				};
			};
			buildConfigurationList = E7A42B932E4E31860094AB08 /* Build configuration list for PBXProject "Talking_Alarm" */;
			developmentRegion = en;
			hasScannedForEncodings = 0;
			knownRegions = (
				en,
				Base,
			);
			mainGroup = E7A42B8F2E4E31860094AB08;
			minimizedProjectReferenceProxies = 1;
			preferredProjectObjectVersion = 77;
			productRefGroup = E7A42B992E4E31860094AB08 /* Products */;
			projectDirPath = "";
			projectRoot = "";
			targets = (
				E7A42B972E4E31860094AB08 /* Talking_Alarm */,
				E7A42BA42E4E31880094AB08 /* Talking_AlarmTests */,
				E7A42BAE2E4E31880094AB08 /* Talking_AlarmUITests */,
				E7E6C8E22E874A2B00F28EC2 /* EscalatingAlarmWidgetExtensionExtension */,
			);
		};
/* End PBXProject section */

/* Begin PBXResourcesBuildPhase section */
		E7A42B962E4E31860094AB08 /* Resources */ = {
			isa = PBXResourcesBuildPhase;
			buildActionMask = 2147483647;
			files = (
			);
			runOnlyForDeploymentPostprocessing = 0;
		};
		E7A42BA32E4E31880094AB08 /* Resources */ = {
			isa = PBXResourcesBuildPhase;
			buildActionMask = 2147483647;
			files = (
			);
			runOnlyForDeploymentPostprocessing = 0;
		};
		E7A42BAD2E4E31880094AB08 /* Resources */ = {
			isa = PBXResourcesBuildPhase;
			buildActionMask = 2147483647;
			files = (
			);
			runOnlyForDeploymentPostprocessing = 0;
		};
		E7E6C8E12E874A2B00F28EC2 /* Resources */ = {
			isa = PBXResourcesBuildPhase;
			buildActionMask = 2147483647;
			files = (
			);
			runOnlyForDeploymentPostprocessing = 0;
		};
/* End PBXResourcesBuildPhase section */

/* Begin PBXSourcesBuildPhase section */
		E7A42B942E4E31860094AB08 /* Sources */ = {
			isa = PBXSourcesBuildPhase;
			buildActionMask = 2147483647;
			files = (
			);
			runOnlyForDeploymentPostprocessing = 0;
		};
		E7A42BA12E4E31880094AB08 /* Sources */ = {
			isa = PBXSourcesBuildPhase;
			buildActionMask = 2147483647;
			files = (
			);
			runOnlyForDeploymentPostprocessing = 0;
		};
		E7A42BAB2E4E31880094AB08 /* Sources */ = {
			isa = PBXSourcesBuildPhase;
			buildActionMask = 2147483647;
			files = (
			);
			runOnlyForDeploymentPostprocessing = 0;
		};
		E7E6C8DF2E874A2B00F28EC2 /* Sources */ = {
			isa = PBXSourcesBuildPhase;
			buildActionMask = 2147483647;
			files = (
			);
			runOnlyForDeploymentPostprocessing = 0;
		};
/* End PBXSourcesBuildPhase section */

/* Begin PBXTargetDependency section */
		E7A42BA72E4E31880094AB08 /* PBXTargetDependency */ = {
			isa = PBXTargetDependency;
			target = E7A42B972E4E31860094AB08 /* Talking_Alarm */;
			targetProxy = E7A42BA62E4E31880094AB08 /* PBXContainerItemProxy */;
		};
		E7A42BB12E4E31880094AB08 /* PBXTargetDependency */ = {
			isa = PBXTargetDependency;
			target = E7A42B972E4E31860094AB08 /* Talking_Alarm */;
			targetProxy = E7A42BB02E4E31880094AB08 /* PBXContainerItemProxy */;
		};
		E7E6C8F82E874A2E00F28EC2 /* PBXTargetDependency */ = {
			isa = PBXTargetDependency;
			target = E7E6C8E22E874A2B00F28EC2 /* EscalatingAlarmWidgetExtensionExtension */;
			targetProxy = E7E6C8F72E874A2E00F28EC2 /* PBXContainerItemProxy */;
		};
/* End PBXTargetDependency section */

/* Begin XCBuildConfiguration section */
		E7A42BB72E4E31880094AB08 /* Debug */ = {
			isa = XCBuildConfiguration;
			buildSettings = {
				ALWAYS_SEARCH_USER_PATHS = NO;
				ASSETCATALOG_COMPILER_GENERATE_SWIFT_ASSET_SYMBOL_EXTENSIONS = YES;
				CLANG_ANALYZER_NONNULL = YES;
				CLANG_ANALYZER_NUMBER_OBJECT_CONVERSION = YES_AGGRESSIVE;
				CLANG_CXX_LANGUAGE_STANDARD = "gnu++20";
				CLANG_ENABLE_MODULES = YES;
				CLANG_ENABLE_OBJC_ARC = YES;
				CLANG_ENABLE_OBJC_WEAK = YES;
				CLANG_WARN_BLOCK_CAPTURE_AUTORELEASING = YES;
				CLANG_WARN_BOOL_CONVERSION = YES;
				CLANG_WARN_COMMA = YES;
				CLANG_WARN_CONSTANT_CONVERSION = YES;
				CLANG_WARN_DEPRECATED_OBJC_IMPLEMENTATIONS = YES;
				CLANG_WARN_DIRECT_OBJC_ISA_USAGE = YES_ERROR;
				CLANG_WARN_DOCUMENTATION_COMMENTS = YES;
				CLANG_WARN_EMPTY_BODY = YES;
				CLANG_WARN_ENUM_CONVERSION = YES;
				CLANG_WARN_INFINITE_RECURSION = YES;
				CLANG_WARN_INT_CONVERSION = YES;
				CLANG_WARN_NON_LITERAL_NULL_CONVERSION = YES;
				CLANG_WARN_OBJC_IMPLICIT_RETAIN_SELF = YES;
				CLANG_WARN_OBJC_LITERAL_CONVERSION = YES;
				CLANG_WARN_OBJC_ROOT_CLASS = YES_ERROR;
				CLANG_WARN_QUOTED_INCLUDE_IN_FRAMEWORK_HEADER = YES;
				CLANG_WARN_RANGE_LOOP_ANALYSIS = YES;
				CLANG_WARN_STRICT_PROTOTYPES = YES;
				CLANG_WARN_SUSPICIOUS_MOVE = YES;
				CLANG_WARN_UNGUARDED_AVAILABILITY = YES_AGGRESSIVE;
				CLANG_WARN_UNREACHABLE_CODE = YES;
				CLANG_WARN__DUPLICATE_METHOD_MATCH = YES;
				COPY_PHASE_STRIP = NO;
				DEBUG_INFORMATION_FORMAT = dwarf;
				DEVELOPMENT_TEAM = 34N262QANB;
				ENABLE_STRICT_OBJC_MSGSEND = YES;
				ENABLE_TESTABILITY = YES;
				ENABLE_USER_SCRIPT_SANDBOXING = YES;
				GCC_C_LANGUAGE_STANDARD = gnu17;
				GCC_DYNAMIC_NO_PIC = NO;
				GCC_NO_COMMON_BLOCKS = YES;
				GCC_OPTIMIZATION_LEVEL = 0;
				GCC_PREPROCESSOR_DEFINITIONS = (
					"DEBUG=1",
					"$(inherited)",
				);
				GCC_WARN_64_TO_32_BIT_CONVERSION = YES;
				GCC_WARN_ABOUT_RETURN_TYPE = YES_ERROR;
				GCC_WARN_UNDECLARED_SELECTOR = YES;
				GCC_WARN_UNINITIALIZED_AUTOS = YES_AGGRESSIVE;
				GCC_WARN_UNUSED_FUNCTION = YES;
				GCC_WARN_UNUSED_VARIABLE = YES;
				IPHONEOS_DEPLOYMENT_TARGET = 26.0;
				LOCALIZATION_PREFERS_STRING_CATALOGS = YES;
				MTL_ENABLE_DEBUG_INFO = INCLUDE_SOURCE;
				MTL_FAST_MATH = YES;
				ONLY_ACTIVE_ARCH = YES;
				SDKROOT = iphoneos;
				SWIFT_ACTIVE_COMPILATION_CONDITIONS = "DEBUG $(inherited)";
				SWIFT_OPTIMIZATION_LEVEL = "-Onone";
			};
			name = Debug;
		};
		E7A42BB82E4E31880094AB08 /* Release */ = {
			isa = XCBuildConfiguration;
			buildSettings = {
				ALWAYS_SEARCH_USER_PATHS = NO;
				ASSETCATALOG_COMPILER_GENERATE_SWIFT_ASSET_SYMBOL_EXTENSIONS = YES;
				CLANG_ANALYZER_NONNULL = YES;
				CLANG_ANALYZER_NUMBER_OBJECT_CONVERSION = YES_AGGRESSIVE;
				CLANG_CXX_LANGUAGE_STANDARD = "gnu++20";
				CLANG_ENABLE_MODULES = YES;
				CLANG_ENABLE_OBJC_ARC = YES;
				CLANG_ENABLE_OBJC_WEAK = YES;
				CLANG_WARN_BLOCK_CAPTURE_AUTORELEASING = YES;
				CLANG_WARN_BOOL_CONVERSION = YES;
				CLANG_WARN_COMMA = YES;
				CLANG_WARN_CONSTANT_CONVERSION = YES;
				CLANG_WARN_DEPRECATED_OBJC_IMPLEMENTATIONS = YES;
				CLANG_WARN_DIRECT_OBJC_ISA_USAGE = YES_ERROR;
				CLANG_WARN_DOCUMENTATION_COMMENTS = YES;
				CLANG_WARN_EMPTY_BODY = YES;
				CLANG_WARN_ENUM_CONVERSION = YES;
				CLANG_WARN_INFINITE_RECURSION = YES;
				CLANG_WARN_INT_CONVERSION = YES;
				CLANG_WARN_NON_LITERAL_NULL_CONVERSION = YES;
				CLANG_WARN_OBJC_IMPLICIT_RETAIN_SELF = YES;
				CLANG_WARN_OBJC_LITERAL_CONVERSION = YES;
				CLANG_WARN_OBJC_ROOT_CLASS = YES_ERROR;
				CLANG_WARN_QUOTED_INCLUDE_IN_FRAMEWORK_HEADER = YES;
				CLANG_WARN_RANGE_LOOP_ANALYSIS = YES;
				CLANG_WARN_STRICT_PROTOTYPES = YES;
				CLANG_WARN_SUSPICIOUS_MOVE = YES;
				CLANG_WARN_UNGUARDED_AVAILABILITY = YES_AGGRESSIVE;
				CLANG_WARN_UNREACHABLE_CODE = YES;
				CLANG_WARN__DUPLICATE_METHOD_MATCH = YES;
				COPY_PHASE_STRIP = NO;
				DEBUG_INFORMATION_FORMAT = "dwarf-with-dsym";
				DEVELOPMENT_TEAM = 34N262QANB;
				ENABLE_NS_ASSERTIONS = NO;
				ENABLE_STRICT_OBJC_MSGSEND = YES;
				ENABLE_USER_SCRIPT_SANDBOXING = YES;
				GCC_C_LANGUAGE_STANDARD = gnu17;
				GCC_NO_COMMON_BLOCKS = YES;
				GCC_WARN_64_TO_32_BIT_CONVERSION = YES;
				GCC_WARN_ABOUT_RETURN_TYPE = YES_ERROR;
				GCC_WARN_UNDECLARED_SELECTOR = YES;
				GCC_WARN_UNINITIALIZED_AUTOS = YES_AGGRESSIVE;
				GCC_WARN_UNUSED_FUNCTION = YES;
				GCC_WARN_UNUSED_VARIABLE = YES;
				IPHONEOS_DEPLOYMENT_TARGET = 26.0;
				LOCALIZATION_PREFERS_STRING_CATALOGS = YES;
				MTL_ENABLE_DEBUG_INFO = NO;
				MTL_FAST_MATH = YES;
				SDKROOT = iphoneos;
				SWIFT_COMPILATION_MODE = wholemodule;
				VALIDATE_PRODUCT = YES;
			};
			name = Release;
		};
		E7A42BBA2E4E31880094AB08 /* Debug */ = {
			isa = XCBuildConfiguration;
			buildSettings = {
				ASSETCATALOG_COMPILER_APPICON_NAME = AppIcon;
				ASSETCATALOG_COMPILER_GLOBAL_ACCENT_COLOR_NAME = AccentColor;
				CODE_SIGN_STYLE = Automatic;
				CURRENT_PROJECT_VERSION = 1;
				DEVELOPMENT_TEAM = 34N262QANB;
				ENABLE_PREVIEWS = YES;
				GENERATE_INFOPLIST_FILE = YES;
				INFOPLIST_FILE = "Talking-Alarm-Info.plist";
				INFOPLIST_KEY_NSAlarmKitUsageDescription = "This app uses AlarmKit to schedule personalized wake-up alarms that integrate with your iPhone's native alarm system.";
				INFOPLIST_KEY_NSAlarmUsageDescription = "This app needs access to alarms to wake you up with AI-generated messages.";
				INFOPLIST_KEY_NSAppIntentUsageDescription = "This app uses App Intents to detect when launched by alarm and provide contextual wake-up messages.";
				INFOPLIST_KEY_NSMicrophoneUsageDescription = "This app records your voice to verify you're awake.";
				INFOPLIST_KEY_UIApplicationSceneManifest_Generation = YES;
				INFOPLIST_KEY_UIApplicationSupportsIndirectInputEvents = YES;
				INFOPLIST_KEY_UIBackgroundModes = "audio, background-processing";
				INFOPLIST_KEY_UILaunchScreen_Generation = YES;
				INFOPLIST_KEY_UISupportedInterfaceOrientations_iPad = "UIInterfaceOrientationPortrait UIInterfaceOrientationPortraitUpsideDown UIInterfaceOrientationLandscapeLeft UIInterfaceOrientationLandscapeRight";
				INFOPLIST_KEY_UISupportedInterfaceOrientations_iPhone = "UIInterfaceOrientationPortrait UIInterfaceOrientationLandscapeLeft UIInterfaceOrientationLandscapeRight";
				LD_RUNPATH_SEARCH_PATHS = (
					"$(inherited)",
					"@executable_path/Frameworks",
				);
				MARKETING_VERSION = 1.0;
				PRODUCT_BUNDLE_IDENTIFIER = "com.jakubszewczyk.Talking-Alarm";
				PRODUCT_NAME = "$(TARGET_NAME)";
				SWIFT_EMIT_LOC_STRINGS = YES;
				SWIFT_VERSION = 5.0;
				TARGETED_DEVICE_FAMILY = "1,2";
			};
			name = Debug;
		};
		E7A42BBB2E4E31880094AB08 /* Release */ = {
			isa = XCBuildConfiguration;
			buildSettings = {
				ASSETCATALOG_COMPILER_APPICON_NAME = AppIcon;
				ASSETCATALOG_COMPILER_GLOBAL_ACCENT_COLOR_NAME = AccentColor;
				CODE_SIGN_STYLE = Automatic;
				CURRENT_PROJECT_VERSION = 1;
				DEVELOPMENT_TEAM = 34N262QANB;
				ENABLE_PREVIEWS = YES;
				GENERATE_INFOPLIST_FILE = YES;
				INFOPLIST_FILE = "Talking-Alarm-Info.plist";
				INFOPLIST_KEY_NSAlarmKitUsageDescription = "This app uses AlarmKit to schedule personalized wake-up alarms that integrate with your iPhone's native alarm system.";
				INFOPLIST_KEY_NSAlarmUsageDescription = "This app needs access to alarms to wake you up with AI-generated messages.";
				INFOPLIST_KEY_NSAppIntentUsageDescription = "This app uses App Intents to detect when launched by alarm and provide contextual wake-up messages.";
				INFOPLIST_KEY_NSMicrophoneUsageDescription = "This app records your voice to verify you're awake.";
				INFOPLIST_KEY_UIApplicationSceneManifest_Generation = YES;
				INFOPLIST_KEY_UIApplicationSupportsIndirectInputEvents = YES;
				INFOPLIST_KEY_UIBackgroundModes = "audio, background-processing";
				INFOPLIST_KEY_UILaunchScreen_Generation = YES;
				INFOPLIST_KEY_UISupportedInterfaceOrientations_iPad = "UIInterfaceOrientationPortrait UIInterfaceOrientationPortraitUpsideDown UIInterfaceOrientationLandscapeLeft UIInterfaceOrientationLandscapeRight";
				INFOPLIST_KEY_UISupportedInterfaceOrientations_iPhone = "UIInterfaceOrientationPortrait UIInterfaceOrientationLandscapeLeft UIInterfaceOrientationLandscapeRight";
				LD_RUNPATH_SEARCH_PATHS = (
					"$(inherited)",
					"@executable_path/Frameworks",
				);
				MARKETING_VERSION = 1.0;
				PRODUCT_BUNDLE_IDENTIFIER = "com.jakubszewczyk.Talking-Alarm";
				PRODUCT_NAME = "$(TARGET_NAME)";
				SWIFT_EMIT_LOC_STRINGS = YES;
				SWIFT_VERSION = 5.0;
				TARGETED_DEVICE_FAMILY = "1,2";
			};
			name = Release;
		};
		E7A42BBD2E4E31880094AB08 /* Debug */ = {
			isa = XCBuildConfiguration;
			buildSettings = {
				BUNDLE_LOADER = "$(TEST_HOST)";
				CODE_SIGN_STYLE = Automatic;
				CURRENT_PROJECT_VERSION = 1;
				DEVELOPMENT_TEAM = 34N262QANB;
				GENERATE_INFOPLIST_FILE = YES;
				IPHONEOS_DEPLOYMENT_TARGET = 26.0;
				MARKETING_VERSION = 1.0;
				PRODUCT_BUNDLE_IDENTIFIER = "me.kyzcwezsabuk.Talking-AlarmTests";
				PRODUCT_NAME = "$(TARGET_NAME)";
				SWIFT_EMIT_LOC_STRINGS = NO;
				SWIFT_VERSION = 5.0;
				TARGETED_DEVICE_FAMILY = "1,2";
				TEST_HOST = "$(BUILT_PRODUCTS_DIR)/Talking_Alarm.app/$(BUNDLE_EXECUTABLE_FOLDER_PATH)/Talking_Alarm";
			};
			name = Debug;
		};
		E7A42BBE2E4E31880094AB08 /* Release */ = {
			isa = XCBuildConfiguration;
			buildSettings = {
				BUNDLE_LOADER = "$(TEST_HOST)";
				CODE_SIGN_STYLE = Automatic;
				CURRENT_PROJECT_VERSION = 1;
				DEVELOPMENT_TEAM = 34N262QANB;
				GENERATE_INFOPLIST_FILE = YES;
				IPHONEOS_DEPLOYMENT_TARGET = 26.0;
				MARKETING_VERSION = 1.0;
				PRODUCT_BUNDLE_IDENTIFIER = "me.kyzcwezsabuk.Talking-AlarmTests";
				PRODUCT_NAME = "$(TARGET_NAME)";
				SWIFT_EMIT_LOC_STRINGS = NO;
				SWIFT_VERSION = 5.0;
				TARGETED_DEVICE_FAMILY = "1,2";
				TEST_HOST = "$(BUILT_PRODUCTS_DIR)/Talking_Alarm.app/$(BUNDLE_EXECUTABLE_FOLDER_PATH)/Talking_Alarm";
			};
			name = Release;
		};
		E7A42BC02E4E31880094AB08 /* Debug */ = {
			isa = XCBuildConfiguration;
			buildSettings = {
				CODE_SIGN_STYLE = Automatic;
				CURRENT_PROJECT_VERSION = 1;
				DEVELOPMENT_TEAM = 34N262QANB;
				GENERATE_INFOPLIST_FILE = YES;
				MARKETING_VERSION = 1.0;
				PRODUCT_BUNDLE_IDENTIFIER = "me.kyzcwezsabuk.Talking-AlarmUITests";
				PRODUCT_NAME = "$(TARGET_NAME)";
				SWIFT_EMIT_LOC_STRINGS = NO;
				SWIFT_VERSION = 5.0;
				TARGETED_DEVICE_FAMILY = "1,2";
				TEST_TARGET_NAME = Talking_Alarm;
			};
			name = Debug;
		};
		E7A42BC12E4E31880094AB08 /* Release */ = {
			isa = XCBuildConfiguration;
			buildSettings = {
				CODE_SIGN_STYLE = Automatic;
				CURRENT_PROJECT_VERSION = 1;
				DEVELOPMENT_TEAM = 34N262QANB;
				GENERATE_INFOPLIST_FILE = YES;
				MARKETING_VERSION = 1.0;
				PRODUCT_BUNDLE_IDENTIFIER = "me.kyzcwezsabuk.Talking-AlarmUITests";
				PRODUCT_NAME = "$(TARGET_NAME)";
				SWIFT_EMIT_LOC_STRINGS = NO;
				SWIFT_VERSION = 5.0;
				TARGETED_DEVICE_FAMILY = "1,2";
				TEST_TARGET_NAME = Talking_Alarm;
			};
			name = Release;
		};
		E7E6C8FC2E874A2E00F28EC2 /* Debug */ = {
			isa = XCBuildConfiguration;
			buildSettings = {
				ASSETCATALOG_COMPILER_GLOBAL_ACCENT_COLOR_NAME = AccentColor;
				ASSETCATALOG_COMPILER_WIDGET_BACKGROUND_COLOR_NAME = WidgetBackground;
				CODE_SIGN_STYLE = Automatic;
				CURRENT_PROJECT_VERSION = 1;
				DEVELOPMENT_TEAM = 34N262QANB;
				GENERATE_INFOPLIST_FILE = YES;
				INFOPLIST_FILE = EscalatingAlarmWidgetExtension/Info.plist;
				INFOPLIST_KEY_CFBundleDisplayName = EscalatingAlarmWidgetExtension;
				INFOPLIST_KEY_NSHumanReadableCopyright = "";
				LD_RUNPATH_SEARCH_PATHS = (
					"$(inherited)",
					"@executable_path/Frameworks",
					"@executable_path/../../Frameworks",
				);
				MARKETING_VERSION = 1.0;
				PRODUCT_BUNDLE_IDENTIFIER = "com.jakubszewczyk.Talking-Alarm.EscalatingAlarmWidgetExtension";
				PRODUCT_NAME = "$(TARGET_NAME)";
				SKIP_INSTALL = YES;
				STRING_CATALOG_GENERATE_SYMBOLS = YES;
				SWIFT_APPROACHABLE_CONCURRENCY = YES;
				SWIFT_EMIT_LOC_STRINGS = YES;
				SWIFT_UPCOMING_FEATURE_MEMBER_IMPORT_VISIBILITY = YES;
				SWIFT_VERSION = 5.0;
				TARGETED_DEVICE_FAMILY = "1,2";
			};
			name = Debug;
		};
		E7E6C8FD2E874A2E00F28EC2 /* Release */ = {
			isa = XCBuildConfiguration;
			buildSettings = {
				ASSETCATALOG_COMPILER_GLOBAL_ACCENT_COLOR_NAME = AccentColor;
				ASSETCATALOG_COMPILER_WIDGET_BACKGROUND_COLOR_NAME = WidgetBackground;
				CODE_SIGN_STYLE = Automatic;
				CURRENT_PROJECT_VERSION = 1;
				DEVELOPMENT_TEAM = 34N262QANB;
				GENERATE_INFOPLIST_FILE = YES;
				INFOPLIST_FILE = EscalatingAlarmWidgetExtension/Info.plist;
				INFOPLIST_KEY_CFBundleDisplayName = EscalatingAlarmWidgetExtension;
				INFOPLIST_KEY_NSHumanReadableCopyright = "";
				LD_RUNPATH_SEARCH_PATHS = (
					"$(inherited)",
					"@executable_path/Frameworks",
					"@executable_path/../../Frameworks",
				);
				MARKETING_VERSION = 1.0;
				PRODUCT_BUNDLE_IDENTIFIER = "com.jakubszewczyk.Talking-Alarm.EscalatingAlarmWidgetExtension";
				PRODUCT_NAME = "$(TARGET_NAME)";
				SKIP_INSTALL = YES;
				STRING_CATALOG_GENERATE_SYMBOLS = YES;
				SWIFT_APPROACHABLE_CONCURRENCY = YES;
				SWIFT_EMIT_LOC_STRINGS = YES;
				SWIFT_UPCOMING_FEATURE_MEMBER_IMPORT_VISIBILITY = YES;
				SWIFT_VERSION = 5.0;
				TARGETED_DEVICE_FAMILY = "1,2";
			};
			name = Release;
		};
/* End XCBuildConfiguration section */

/* Begin XCConfigurationList section */
		E7A42B932E4E31860094AB08 /* Build configuration list for PBXProject "Talking_Alarm" */ = {
			isa = XCConfigurationList;
			buildConfigurations = (
				E7A42BB72E4E31880094AB08 /* Debug */,
				E7A42BB82E4E31880094AB08 /* Release */,
			);
			defaultConfigurationIsVisible = 0;
			defaultConfigurationName = Release;
		};
		E7A42BB92E4E31880094AB08 /* Build configuration list for PBXNativeTarget "Talking_Alarm" */ = {
			isa = XCConfigurationList;
			buildConfigurations = (
				E7A42BBA2E4E31880094AB08 /* Debug */,
				E7A42BBB2E4E31880094AB08 /* Release */,
			);
			defaultConfigurationIsVisible = 0;
			defaultConfigurationName = Release;
		};
		E7A42BBC2E4E31880094AB08 /* Build configuration list for PBXNativeTarget "Talking_AlarmTests" */ = {
			isa = XCConfigurationList;
			buildConfigurations = (
				E7A42BBD2E4E31880094AB08 /* Debug */,
				E7A42BBE2E4E31880094AB08 /* Release */,
			);
			defaultConfigurationIsVisible = 0;
			defaultConfigurationName = Release;
		};
		E7A42BBF2E4E31880094AB08 /* Build configuration list for PBXNativeTarget "Talking_AlarmUITests" */ = {
			isa = XCConfigurationList;
			buildConfigurations = (
				E7A42BC02E4E31880094AB08 /* Debug */,
				E7A42BC12E4E31880094AB08 /* Release */,
			);
			defaultConfigurationIsVisible = 0;
			defaultConfigurationName = Release;
		};
		E7E6C8FB2E874A2E00F28EC2 /* Build configuration list for PBXNativeTarget "EscalatingAlarmWidgetExtensionExtension" */ = {
			isa = XCConfigurationList;
			buildConfigurations = (
				E7E6C8FC2E874A2E00F28EC2 /* Debug */,
				E7E6C8FD2E874A2E00F28EC2 /* Release */,
			);
			defaultConfigurationIsVisible = 0;
			defaultConfigurationName = Release;
		};
/* End XCConfigurationList section */
	};
	rootObject = E7A42B902E4E31860094AB08 /* Project object */;
}
